
Microsoft Visual Studio Solution File, Format Version 11.00
# Visual Studio 2010
Project("{FAE04EC0-301F-11D3-BF4B-00C04F79EFBC}") = "S60.FirmEditor", "S60.FirmEditor\S60.FirmEditor.csproj", "{29579A4F-3169-41CE-95F2-B27F45C61B3B}"
	ProjectSection(ProjectDependencies) = postProject
		{FF87F8F4-2CC1-4319-9775-B18AB2F355FF} = {FF87F8F4-2CC1-4319-9775-B18AB2F355FF}
	EndProjectSection
EndProject
Project("{FAE04EC0-301F-11D3-BF4B-00C04F79EFBC}") = "S60.PluginInterface", "S60.PluginInterface\S60.PluginInterface.csproj", "{94E6D0B8-3372-42AF-BAE6-7B5F86995E06}"
EndProject
Project("{FAE04EC0-301F-11D3-BF4B-00C04F79EFBC}") = "S60.Plugin.CenRepEditor", "S60.Plugin.CenRepEditor\S60.Plugin.CenRepEditor.csproj", "{131FA71B-F754-4238-B6B8-4A9CFDCC08B3}"
EndProject
Project("{FAE04EC0-301F-11D3-BF4B-00C04F79EFBC}") = "S60.Plugin.ImageManager", "S60.Plugin.ImageManager\S60.Plugin.ImageManager.csproj", "{D433486E-B7CD-4939-BD4C-D55F1EF4C9B9}"
EndProject
Project("{FAE04EC0-301F-11D3-BF4B-00C04F79EFBC}") = "S60.Plugin.LanguageModder", "S60.Plugin.LanguageModder\S60.Plugin.LanguageModder.csproj", "{F4B8A81E-6DB0-4A17-8399-1A63301FC30E}"
EndProject
Project("{FAE04EC0-301F-11D3-BF4B-00C04F79EFBC}") = "S60.Plugin.SisInstaller", "S60.Plugin.SisInstaller\S60.Plugin.SisInstaller.csproj", "{05A05C49-5B0F-4707-A16A-A84BDBFBF3F1}"
EndProject
Project("{FAE04EC0-301F-11D3-BF4B-00C04F79EFBC}") = "S60.CenRepEditor", "S60.CenRepEditor\S60.CenRepEditor.csproj", "{7289377A-1B32-41C5-B1EA-933B5A82F895}"
	ProjectSection(ProjectDependencies) = postProject
		{CCA908B2-A34E-4AFF-803C-ACCD00962BC6} = {CCA908B2-A34E-4AFF-803C-ACCD00962BC6}
	EndProjectSection
EndProject
Project("{FAE04EC0-301F-11D3-BF4B-00C04F79EFBC}") = "S60.Lib.Firmware", "S60.Lib.Firmware\S60.Lib.Firmware.csproj", "{FF87F8F4-2CC1-4319-9775-B18AB2F355FF}"
EndProject
Project("{FAE04EC0-301F-11D3-BF4B-00C04F79EFBC}") = "S60.Lib.CenRep", "S60.Lib.CenRep\S60.Lib.CenRep.csproj", "{CCA908B2-A34E-4AFF-803C-ACCD00962BC6}"
EndProject
Project("{FAE04EC0-301F-11D3-BF4B-00C04F79EFBC}") = "S60.Lib.Imaging", "S60.Lib.Imaging\S60.Lib.Imaging.csproj", "{7A40E92C-7531-4225-B98C-A08EA3324AD8}"
EndProject
Project("{FAE04EC0-301F-11D3-BF4B-00C04F79EFBC}") = "S60.Lib.Sis", "S60.Lib.Sis\S60.Lib.Sis.csproj", "{D496B447-C970-4653-9662-DC8B63521D76}"
EndProject
Project("{FAE04EC0-301F-11D3-BF4B-00C04F79EFBC}") = "S60.SisManager", "S60.SisManager\S60.SisManager.csproj", "{4972AAAE-0026-4729-A898-E79514CE7AFD}"
	ProjectSection(ProjectDependencies) = postProject
		{D496B447-C970-4653-9662-DC8B63521D76} = {D496B447-C970-4653-9662-DC8B63521D76}
	EndProjectSection
EndProject
Project("{FAE04EC0-301F-11D3-BF4B-00C04F79EFBC}") = "S60.FirmHeaderUnpackTool", "S60.FirmHeaderUnpackTool.cs\S60.FirmHeaderUnpackTool.csproj", "{B0E4D25A-947D-4110-8A43-1B4D20444400}"
EndProject
Project("{FAE04EC0-301F-11D3-BF4B-00C04F79EFBC}") = "S60.Lib.Extenders", "S60.Lib.Extenders\S60.Lib.Extenders.csproj", "{D3E91A41-9A52-4A89-9F0C-48B6EEDE0B10}"
EndProject
Project("{FAE04EC0-301F-11D3-BF4B-00C04F79EFBC}") = "S60.Plugin.MenuEditor", "S60.Plugin.MenuEditor\S60.Plugin.MenuEditor.csproj", "{B378446C-406E-4D1D-BEF7-3A4AD52347C8}"
EndProject
Project("{FAE04EC0-301F-11D3-BF4B-00C04F79EFBC}") = "S60FirmLibTester", "S60FirmLibTester\S60FirmLibTester.csproj", "{B2B27BF1-90EE-43BB-B623-A9BC690958B2}"
EndProject
Global
	GlobalSection(SolutionConfigurationPlatforms) = preSolution
		Debug|Any CPU = Debug|Any CPU
		Debug|Mixed Platforms = Debug|Mixed Platforms
		Debug|x86 = Debug|x86
		Release|Any CPU = Release|Any CPU
		Release|Mixed Platforms = Release|Mixed Platforms
		Release|x86 = Release|x86
	EndGlobalSection
	GlobalSection(ProjectConfigurationPlatforms) = postSolution
		{29579A4F-3169-41CE-95F2-B27F45C61B3B}.Debug|Any CPU.ActiveCfg = Debug|x86
		{29579A4F-3169-41CE-95F2-B27F45C61B3B}.Debug|Mixed Platforms.ActiveCfg = Debug|x86
		{29579A4F-3169-41CE-95F2-B27F45C61B3B}.Debug|Mixed Platforms.Build.0 = Debug|x86
		{29579A4F-3169-41CE-95F2-B27F45C61B3B}.Debug|x86.ActiveCfg = Debug|x86
		{29579A4F-3169-41CE-95F2-B27F45C61B3B}.Debug|x86.Build.0 = Debug|x86
		{29579A4F-3169-41CE-95F2-B27F45C61B3B}.Release|Any CPU.ActiveCfg = Release|x86
		{29579A4F-3169-41CE-95F2-B27F45C61B3B}.Release|Mixed Platforms.ActiveCfg = Release|x86
		{29579A4F-3169-41CE-95F2-B27F45C61B3B}.Release|Mixed Platforms.Build.0 = Release|x86
		{29579A4F-3169-41CE-95F2-B27F45C61B3B}.Release|x86.ActiveCfg = Release|x86
		{29579A4F-3169-41CE-95F2-B27F45C61B3B}.Release|x86.Build.0 = Release|x86
		{94E6D0B8-3372-42AF-BAE6-7B5F86995E06}.Debug|Any CPU.ActiveCfg = Debug|Any CPU
		{94E6D0B8-3372-42AF-BAE6-7B5F86995E06}.Debug|Any CPU.Build.0 = Debug|Any CPU
		{94E6D0B8-3372-42AF-BAE6-7B5F86995E06}.Debug|Mixed Platforms.ActiveCfg = Debug|Any CPU
		{94E6D0B8-3372-42AF-BAE6-7B5F86995E06}.Debug|Mixed Platforms.Build.0 = Debug|Any CPU
		{94E6D0B8-3372-42AF-BAE6-7B5F86995E06}.Debug|x86.ActiveCfg = Debug|Any CPU
		{94E6D0B8-3372-42AF-BAE6-7B5F86995E06}.Release|Any CPU.ActiveCfg = Release|Any CPU
		{94E6D0B8-3372-42AF-BAE6-7B5F86995E06}.Release|Any CPU.Build.0 = Release|Any CPU
		{94E6D0B8-3372-42AF-BAE6-7B5F86995E06}.Release|Mixed Platforms.ActiveCfg = Release|Any CPU
		{94E6D0B8-3372-42AF-BAE6-7B5F86995E06}.Release|Mixed Platforms.Build.0 = Release|Any CPU
		{94E6D0B8-3372-42AF-BAE6-7B5F86995E06}.Release|x86.ActiveCfg = Release|Any CPU
		{131FA71B-F754-4238-B6B8-4A9CFDCC08B3}.Debug|Any CPU.ActiveCfg = Debug|Any CPU
		{131FA71B-F754-4238-B6B8-4A9CFDCC08B3}.Debug|Any CPU.Build.0 = Debug|Any CPU
		{131FA71B-F754-4238-B6B8-4A9CFDCC08B3}.Debug|Mixed Platforms.ActiveCfg = Debug|Any CPU
		{131FA71B-F754-4238-B6B8-4A9CFDCC08B3}.Debug|Mixed Platforms.Build.0 = Debug|Any CPU
		{131FA71B-F754-4238-B6B8-4A9CFDCC08B3}.Debug|x86.ActiveCfg = Debug|Any CPU
		{131FA71B-F754-4238-B6B8-4A9CFDCC08B3}.Release|Any CPU.ActiveCfg = Release|Any CPU
		{131FA71B-F754-4238-B6B8-4A9CFDCC08B3}.Release|Any CPU.Build.0 = Release|Any CPU
		{131FA71B-F754-4238-B6B8-4A9CFDCC08B3}.Release|Mixed Platforms.ActiveCfg = Release|Any CPU
		{131FA71B-F754-4238-B6B8-4A9CFDCC08B3}.Release|Mixed Platforms.Build.0 = Release|Any CPU
		{131FA71B-F754-4238-B6B8-4A9CFDCC08B3}.Release|x86.ActiveCfg = Release|Any CPU
		{D433486E-B7CD-4939-BD4C-D55F1EF4C9B9}.Debug|Any CPU.ActiveCfg = Debug|Any CPU
		{D433486E-B7CD-4939-BD4C-D55F1EF4C9B9}.Debug|Any CPU.Build.0 = Debug|Any CPU
		{D433486E-B7CD-4939-BD4C-D55F1EF4C9B9}.Debug|Mixed Platforms.ActiveCfg = Debug|Any CPU
		{D433486E-B7CD-4939-BD4C-D55F1EF4C9B9}.Debug|Mixed Platforms.Build.0 = Debug|Any CPU
		{D433486E-B7CD-4939-BD4C-D55F1EF4C9B9}.Debug|x86.ActiveCfg = Debug|Any CPU
		{D433486E-B7CD-4939-BD4C-D55F1EF4C9B9}.Release|Any CPU.ActiveCfg = Release|Any CPU
		{D433486E-B7CD-4939-BD4C-D55F1EF4C9B9}.Release|Any CPU.Build.0 = Release|Any CPU
		{D433486E-B7CD-4939-BD4C-D55F1EF4C9B9}.Release|Mixed Platforms.ActiveCfg = Release|Any CPU
		{D433486E-B7CD-4939-BD4C-D55F1EF4C9B9}.Release|Mixed Platforms.Build.0 = Release|Any CPU
		{D433486E-B7CD-4939-BD4C-D55F1EF4C9B9}.Release|x86.ActiveCfg = Release|Any CPU
		{F4B8A81E-6DB0-4A17-8399-1A63301FC30E}.Debug|Any CPU.ActiveCfg = Debug|Any CPU
		{F4B8A81E-6DB0-4A17-8399-1A63301FC30E}.Debug|Any CPU.Build.0 = Debug|Any CPU
		{F4B8A81E-6DB0-4A17-8399-1A63301FC30E}.Debug|Mixed Platforms.ActiveCfg = Debug|Any CPU
		{F4B8A81E-6DB0-4A17-8399-1A63301FC30E}.Debug|Mixed Platforms.Build.0 = Debug|Any CPU
		{F4B8A81E-6DB0-4A17-8399-1A63301FC30E}.Debug|x86.ActiveCfg = Debug|Any CPU
		{F4B8A81E-6DB0-4A17-8399-1A63301FC30E}.Release|Any CPU.ActiveCfg = Release|Any CPU
		{F4B8A81E-6DB0-4A17-8399-1A63301FC30E}.Release|Any CPU.Build.0 = Release|Any CPU
		{F4B8A81E-6DB0-4A17-8399-1A63301FC30E}.Release|Mixed Platforms.ActiveCfg = Release|Any CPU
		{F4B8A81E-6DB0-4A17-8399-1A63301FC30E}.Release|Mixed Platforms.Build.0 = Release|Any CPU
		{F4B8A81E-6DB0-4A17-8399-1A63301FC30E}.Release|x86.ActiveCfg = Release|Any CPU
		{05A05C49-5B0F-4707-A16A-A84BDBFBF3F1}.Debug|Any CPU.ActiveCfg = Debug|Any CPU
		{05A05C49-5B0F-4707-A16A-A84BDBFBF3F1}.Debug|Any CPU.Build.0 = Debug|Any CPU
		{05A05C49-5B0F-4707-A16A-A84BDBFBF3F1}.Debug|Mixed Platforms.ActiveCfg = Debug|Any CPU
		{05A05C49-5B0F-4707-A16A-A84BDBFBF3F1}.Debug|Mixed Platforms.Build.0 = Debug|Any CPU
		{05A05C49-5B0F-4707-A16A-A84BDBFBF3F1}.Debug|x86.ActiveCfg = Debug|Any CPU
		{05A05C49-5B0F-4707-A16A-A84BDBFBF3F1}.Release|Any CPU.ActiveCfg = Release|Any CPU
		{05A05C49-5B0F-4707-A16A-A84BDBFBF3F1}.Release|Any CPU.Build.0 = Release|Any CPU
		{05A05C49-5B0F-4707-A16A-A84BDBFBF3F1}.Release|Mixed Platforms.ActiveCfg = Release|Any CPU
		{05A05C49-5B0F-4707-A16A-A84BDBFBF3F1}.Release|Mixed Platforms.Build.0 = Release|Any CPU
		{05A05C49-5B0F-4707-A16A-A84BDBFBF3F1}.Release|x86.ActiveCfg = Release|Any CPU
		{7289377A-1B32-41C5-B1EA-933B5A82F895}.Debug|Any CPU.ActiveCfg = Debug|x86
		{7289377A-1B32-41C5-B1EA-933B5A82F895}.Debug|Mixed Platforms.ActiveCfg = Debug|x86
		{7289377A-1B32-41C5-B1EA-933B5A82F895}.Debug|Mixed Platforms.Build.0 = Debug|x86
		{7289377A-1B32-41C5-B1EA-933B5A82F895}.Debug|x86.ActiveCfg = Debug|x86
		{7289377A-1B32-41C5-B1EA-933B5A82F895}.Debug|x86.Build.0 = Debug|x86
		{7289377A-1B32-41C5-B1EA-933B5A82F895}.Release|Any CPU.ActiveCfg = Release|x86
		{7289377A-1B32-41C5-B1EA-933B5A82F895}.Release|Mixed Platforms.ActiveCfg = Release|x86
		{7289377A-1B32-41C5-B1EA-933B5A82F895}.Release|Mixed Platforms.Build.0 = Release|x86
		{7289377A-1B32-41C5-B1EA-933B5A82F895}.Release|x86.ActiveCfg = Release|x86
		{7289377A-1B32-41C5-B1EA-933B5A82F895}.Release|x86.Build.0 = Release|x86
		{FF87F8F4-2CC1-4319-9775-B18AB2F355FF}.Debug|Any CPU.ActiveCfg = Debug|Any CPU
		{FF87F8F4-2CC1-4319-9775-B18AB2F355FF}.Debug|Any CPU.Build.0 = Debug|Any CPU
		{FF87F8F4-2CC1-4319-9775-B18AB2F355FF}.Debug|Mixed Platforms.ActiveCfg = Debug|Any CPU
		{FF87F8F4-2CC1-4319-9775-B18AB2F355FF}.Debug|Mixed Platforms.Build.0 = Debug|Any CPU
		{FF87F8F4-2CC1-4319-9775-B18AB2F355FF}.Debug|x86.ActiveCfg = Debug|Any CPU
		{FF87F8F4-2CC1-4319-9775-B18AB2F355FF}.Release|Any CPU.ActiveCfg = Release|Any CPU
		{FF87F8F4-2CC1-4319-9775-B18AB2F355FF}.Release|Any CPU.Build.0 = Release|Any CPU
		{FF87F8F4-2CC1-4319-9775-B18AB2F355FF}.Release|Mixed Platforms.ActiveCfg = Release|Any CPU
		{FF87F8F4-2CC1-4319-9775-B18AB2F355FF}.Release|Mixed Platforms.Build.0 = Release|Any CPU
		{FF87F8F4-2CC1-4319-9775-B18AB2F355FF}.Release|x86.ActiveCfg = Release|Any CPU
		{CCA908B2-A34E-4AFF-803C-ACCD00962BC6}.Debug|Any CPU.ActiveCfg = Debug|Any CPU
		{CCA908B2-A34E-4AFF-803C-ACCD00962BC6}.Debug|Any CPU.Build.0 = Debug|Any CPU
		{CCA908B2-A34E-4AFF-803C-ACCD00962BC6}.Debug|Mixed Platforms.ActiveCfg = Debug|Any CPU
		{CCA908B2-A34E-4AFF-803C-ACCD00962BC6}.Debug|Mixed Platforms.Build.0 = Debug|Any CPU
		{CCA908B2-A34E-4AFF-803C-ACCD00962BC6}.Debug|x86.ActiveCfg = Debug|Any CPU
		{CCA908B2-A34E-4AFF-803C-ACCD00962BC6}.Release|Any CPU.ActiveCfg = Release|Any CPU
		{CCA908B2-A34E-4AFF-803C-ACCD00962BC6}.Release|Any CPU.Build.0 = Release|Any CPU
		{CCA908B2-A34E-4AFF-803C-ACCD00962BC6}.Release|Mixed Platforms.ActiveCfg = Release|Any CPU
		{CCA908B2-A34E-4AFF-803C-ACCD00962BC6}.Release|Mixed Platforms.Build.0 = Release|Any CPU
		{CCA908B2-A34E-4AFF-803C-ACCD00962BC6}.Release|x86.ActiveCfg = Release|Any CPU
		{7A40E92C-7531-4225-B98C-A08EA3324AD8}.Debug|Any CPU.ActiveCfg = Debug|Any CPU
		{7A40E92C-7531-4225-B98C-A08EA3324AD8}.Debug|Any CPU.Build.0 = Debug|Any CPU
		{7A40E92C-7531-4225-B98C-A08EA3324AD8}.Debug|Mixed Platforms.ActiveCfg = Debug|Any CPU
		{7A40E92C-7531-4225-B98C-A08EA3324AD8}.Debug|Mixed Platforms.Build.0 = Debug|Any CPU
		{7A40E92C-7531-4225-B98C-A08EA3324AD8}.Debug|x86.ActiveCfg = Debug|Any CPU
		{7A40E92C-7531-4225-B98C-A08EA3324AD8}.Release|Any CPU.ActiveCfg = Release|Any CPU
		{7A40E92C-7531-4225-B98C-A08EA3324AD8}.Release|Any CPU.Build.0 = Release|Any CPU
		{7A40E92C-7531-4225-B98C-A08EA3324AD8}.Release|Mixed Platforms.ActiveCfg = Release|Any CPU
		{7A40E92C-7531-4225-B98C-A08EA3324AD8}.Release|Mixed Platforms.Build.0 = Release|Any CPU
		{7A40E92C-7531-4225-B98C-A08EA3324AD8}.Release|x86.ActiveCfg = Release|Any CPU
		{D496B447-C970-4653-9662-DC8B63521D76}.Debug|Any CPU.ActiveCfg = Debug|Any CPU
		{D496B447-C970-4653-9662-DC8B63521D76}.Debug|Any CPU.Build.0 = Debug|Any CPU
		{D496B447-C970-4653-9662-DC8B63521D76}.Debug|Mixed Platforms.ActiveCfg = Debug|Any CPU
		{D496B447-C970-4653-9662-DC8B63521D76}.Debug|Mixed Platforms.Build.0 = Debug|Any CPU
		{D496B447-C970-4653-9662-DC8B63521D76}.Debug|x86.ActiveCfg = Debug|Any CPU
		{D496B447-C970-4653-9662-DC8B63521D76}.Release|Any CPU.ActiveCfg = Release|Any CPU
		{D496B447-C970-4653-9662-DC8B63521D76}.Release|Any CPU.Build.0 = Release|Any CPU
		{D496B447-C970-4653-9662-DC8B63521D76}.Release|Mixed Platforms.ActiveCfg = Release|Any CPU
		{D496B447-C970-4653-9662-DC8B63521D76}.Release|Mixed Platforms.Build.0 = Release|Any CPU
		{D496B447-C970-4653-9662-DC8B63521D76}.Release|x86.ActiveCfg = Release|Any CPU
		{4972AAAE-0026-4729-A898-E79514CE7AFD}.Debug|Any CPU.ActiveCfg = Debug|x86
		{4972AAAE-0026-4729-A898-E79514CE7AFD}.Debug|Mixed Platforms.ActiveCfg = Debug|x86
		{4972AAAE-0026-4729-A898-E79514CE7AFD}.Debug|Mixed Platforms.Build.0 = Debug|x86
		{4972AAAE-0026-4729-A898-E79514CE7AFD}.Debug|x86.ActiveCfg = Debug|x86
		{4972AAAE-0026-4729-A898-E79514CE7AFD}.Debug|x86.Build.0 = Debug|x86
		{4972AAAE-0026-4729-A898-E79514CE7AFD}.Release|Any CPU.ActiveCfg = Release|x86
		{4972AAAE-0026-4729-A898-E79514CE7AFD}.Release|Mixed Platforms.ActiveCfg = Release|x86
		{4972AAAE-0026-4729-A898-E79514CE7AFD}.Release|Mixed Platforms.Build.0 = Release|x86
		{4972AAAE-0026-4729-A898-E79514CE7AFD}.Release|x86.ActiveCfg = Release|x86
		{4972AAAE-0026-4729-A898-E79514CE7AFD}.Release|x86.Build.0 = Release|x86
		{B0E4D25A-947D-4110-8A43-1B4D20444400}.Debug|Any CPU.ActiveCfg = Debug|x86
		{B0E4D25A-947D-4110-8A43-1B4D20444400}.Debug|Mixed Platforms.ActiveCfg = Debug|x86
		{B0E4D25A-947D-4110-8A43-1B4D20444400}.Debug|Mixed Platforms.Build.0 = Debug|x86
		{B0E4D25A-947D-4110-8A43-1B4D20444400}.Debug|x86.ActiveCfg = Debug|x86
		{B0E4D25A-947D-4110-8A43-1B4D20444400}.Debug|x86.Build.0 = Debug|x86
		{B0E4D25A-947D-4110-8A43-1B4D20444400}.Release|Any CPU.ActiveCfg = Release|x86
		{B0E4D25A-947D-4110-8A43-1B4D20444400}.Release|Mixed Platforms.ActiveCfg = Release|x86
		{B0E4D25A-947D-4110-8A43-1B4D20444400}.Release|Mixed Platforms.Build.0 = Release|x86
		{B0E4D25A-947D-4110-8A43-1B4D20444400}.Release|x86.ActiveCfg = Release|x86
		{B0E4D25A-947D-4110-8A43-1B4D20444400}.Release|x86.Build.0 = Release|x86
		{D3E91A41-9A52-4A89-9F0C-48B6EEDE0B10}.Debug|Any CPU.ActiveCfg = Debug|Any CPU
		{D3E91A41-9A52-4A89-9F0C-48B6EEDE0B10}.Debug|Any CPU.Build.0 = Debug|Any CPU
		{D3E91A41-9A52-4A89-9F0C-48B6EEDE0B10}.Debug|Mixed Platforms.ActiveCfg = Debug|Any CPU
		{D3E91A41-9A52-4A89-9F0C-48B6EEDE0B10}.Debug|Mixed Platforms.Build.0 = Debug|Any CPU
		{D3E91A41-9A52-4A89-9F0C-48B6EEDE0B10}.Debug|x86.ActiveCfg = Debug|Any CPU
		{D3E91A41-9A52-4A89-9F0C-48B6EEDE0B10}.Release|Any CPU.ActiveCfg = Release|Any CPU
		{D3E91A41-9A52-4A89-9F0C-48B6EEDE0B10}.Release|Any CPU.Build.0 = Release|Any CPU
		{D3E91A41-9A52-4A89-9F0C-48B6EEDE0B10}.Release|Mixed Platforms.ActiveCfg = Release|Any CPU
		{D3E91A41-9A52-4A89-9F0C-48B6EEDE0B10}.Release|Mixed Platforms.Build.0 = Release|Any CPU
		{D3E91A41-9A52-4A89-9F0C-48B6EEDE0B10}.Release|x86.ActiveCfg = Release|Any CPU
		{B378446C-406E-4D1D-BEF7-3A4AD52347C8}.Debug|Any CPU.ActiveCfg = Debug|Any CPU
		{B378446C-406E-4D1D-BEF7-3A4AD52347C8}.Debug|Any CPU.Build.0 = Debug|Any CPU
		{B378446C-406E-4D1D-BEF7-3A4AD52347C8}.Debug|Mixed Platforms.ActiveCfg = Debug|Any CPU
		{B378446C-406E-4D1D-BEF7-3A4AD52347C8}.Debug|Mixed Platforms.Build.0 = Debug|Any CPU
		{B378446C-406E-4D1D-BEF7-3A4AD52347C8}.Debug|x86.ActiveCfg = Debug|Any CPU
		{B378446C-406E-4D1D-BEF7-3A4AD52347C8}.Release|Any CPU.ActiveCfg = Release|Any CPU
		{B378446C-406E-4D1D-BEF7-3A4AD52347C8}.Release|Any CPU.Build.0 = Release|Any CPU
		{B378446C-406E-4D1D-BEF7-3A4AD52347C8}.Release|Mixed Platforms.ActiveCfg = Release|Any CPU
		{B378446C-406E-4D1D-BEF7-3A4AD52347C8}.Release|Mixed Platforms.Build.0 = Release|Any CPU
		{B378446C-406E-4D1D-BEF7-3A4AD52347C8}.Release|x86.ActiveCfg = Release|Any CPU
		{B2B27BF1-90EE-43BB-B623-A9BC690958B2}.Debug|Any CPU.ActiveCfg = Debug|x86
		{B2B27BF1-90EE-43BB-B623-A9BC690958B2}.Debug|Mixed Platforms.ActiveCfg = Debug|x86
		{B2B27BF1-90EE-43BB-B623-A9BC690958B2}.Debug|Mixed Platforms.Build.0 = Debug|x86
		{B2B27BF1-90EE-43BB-B623-A9BC690958B2}.Debug|x86.ActiveCfg = Debug|x86
		{B2B27BF1-90EE-43BB-B623-A9BC690958B2}.Debug|x86.Build.0 = Debug|x86
		{B2B27BF1-90EE-43BB-B623-A9BC690958B2}.Release|Any CPU.ActiveCfg = Release|x86
		{B2B27BF1-90EE-43BB-B623-A9BC690958B2}.Release|Mixed Platforms.ActiveCfg = Release|x86
		{B2B27BF1-90EE-43BB-B623-A9BC690958B2}.Release|Mixed Platforms.Build.0 = Release|x86
		{B2B27BF1-90EE-43BB-B623-A9BC690958B2}.Release|x86.ActiveCfg = Release|x86
		{B2B27BF1-90EE-43BB-B623-A9BC690958B2}.Release|x86.Build.0 = Release|x86
	EndGlobalSection
	GlobalSection(SolutionProperties) = preSolution
		HideSolutionNode = FALSE
	EndGlobalSection
EndGlobal
